
Microsoft Visual Studio Solution File, Format Version 12.00
# Visual Studio Version 17
VisualStudioVersion = 17.8.34316.72
MinimumVisualStudioVersion = 10.0.40219.1
Project("{9A19103F-16F7-4668-BE54-9A1E7A4F7556}") = "BulkInsert.Benchmark", "Guid.Benchmark\BulkInsert.Benchmark.csproj", "{6E24F3B2-93D8-416F-AA1A-AD303D7C0290}"
EndProject
Global
	GlobalSection(SolutionConfigurationPlatforms) = preSolution
		Debug|Any CPU = Debug|Any CPU
		Release|Any CPU = Release|Any CPU
	EndGlobalSection
	GlobalSection(ProjectConfigurationPlatforms) = postSolution
		{6E24F3B2-93D8-416F-AA1A-AD303D7C0290}.Debug|Any CPU.ActiveCfg = Debug|Any CPU
		{6E24F3B2-93D8-416F-AA1A-AD303D7C0290}.Debug|Any CPU.Build.0 = Debug|Any CPU
		{6E24F3B2-93D8-416F-AA1A-AD303D7C0290}.Release|Any CPU.ActiveCfg = Release|Any CPU
		{6E24F3B2-93D8-416F-AA1A-AD303D7C0290}.Release|Any CPU.Build.0 = Release|Any CPU
	EndGlobalSection
	GlobalSection(SolutionProperties) = preSolution
		HideSolutionNode = FALSE
	EndGlobalSection
	GlobalSection(ExtensibilityGlobals) = postSolution
		SolutionGuid = {CB4EB5CB-75DC-4536-99B7-F224396FA3CA}
	EndGlobalSection
EndGlobal
