
Microsoft Visual Studio Solution File, Format Version 12.00
# Visual Studio Version 17
VisualStudioVersion = 17.8.34316.72
MinimumVisualStudioVersion = 10.0.40219.1
Project("{9A19103F-16F7-4668-BE54-9A1E7A4F7556}") = "BulkInsert.Benchmark", "Benchmark.Insert\BulkInsert.Benchmark.csproj", "{F6DACCF5-76BB-4E1B-BFF3-A9DE769A3A14}"
EndProject
Global
	GlobalSection(SolutionConfigurationPlatforms) = preSolution
		Debug|Any CPU = Debug|Any CPU
		Release|Any CPU = Release|Any CPU
	EndGlobalSection
	GlobalSection(ProjectConfigurationPlatforms) = postSolution
		{F6DACCF5-76BB-4E1B-BFF3-A9DE769A3A14}.Debug|Any CPU.ActiveCfg = Debug|Any CPU
		{F6DACCF5-76BB-4E1B-BFF3-A9DE769A3A14}.Debug|Any CPU.Build.0 = Debug|Any CPU
		{F6DACCF5-76BB-4E1B-BFF3-A9DE769A3A14}.Release|Any CPU.ActiveCfg = Release|Any CPU
		{F6DACCF5-76BB-4E1B-BFF3-A9DE769A3A14}.Release|Any CPU.Build.0 = Release|Any CPU
	EndGlobalSection
	GlobalSection(SolutionProperties) = preSolution
		HideSolutionNode = FALSE
	EndGlobalSection
	GlobalSection(ExtensibilityGlobals) = postSolution
		SolutionGuid = {CB4EB5CB-75DC-4536-99B7-F224396FA3CA}
	EndGlobalSection
EndGlobal
